
Microsoft Visual Studio Solution File, Format Version 12.00
# Visual Studio Version 17
VisualStudioVersion = 17.6.33829.357
MinimumVisualStudioVersion = 10.0.40219.1
Project("{2150E333-8FDC-42A3-9474-1A3956D46DE8}") = "src", "src", "{6967E3C5-FEE5-4BEB-9274-AFD21B54D490}"
EndProject
Project("{9A19103F-16F7-4668-BE54-9A1E7A4F7556}") = "SuperMarket.WebApi", "WebApi\SuperMarket.WebApi.csproj", "{52E323A7-8642-4895-B8AA-816FD8613451}"
EndProject
Project("{2150E333-8FDC-42A3-9474-1A3956D46DE8}") = "Core", "Core", "{0FA3EDBC-C25F-4F6B-8089-6B6177B88C86}"
EndProject
Project("{9A19103F-16F7-4668-BE54-9A1E7A4F7556}") = "SuperMarket.Shared", "Shared\App\SuperMarket.Shared.csproj", "{C6A87AE2-7670-4884-88EB-762CF8614878}"
EndProject
Project("{9A19103F-16F7-4668-BE54-9A1E7A4F7556}") = "SuperMarket.Shared.Identity", "Shared\Identity\SuperMarket.Shared.Identity.csproj", "{C66FB21B-BD64-44CE-B666-9675300833E4}"
EndProject
Project("{9A19103F-16F7-4668-BE54-9A1E7A4F7556}") = "SuperMarket.Persistence", "Persistence\App\SuperMarket.Persistence.csproj", "{099DF7AF-40EA-4AAF-9A68-5C7288BE4C29}"
EndProject
Project("{9A19103F-16F7-4668-BE54-9A1E7A4F7556}") = "SuperMarket.Persistence.Identity", "Persistence\Identity\SuperMarket.Persistence.Identity.csproj", "{6710972B-91CC-4356-B6FC-713D2F8D6AE6}"
EndProject
Project("{9A19103F-16F7-4668-BE54-9A1E7A4F7556}") = "SuperMarket.Domain", "Domain\App\SuperMarket.Domain.csproj", "{5923E14A-5CF8-4562-BE88-96E2E16A5397}"
EndProject
Project("{9A19103F-16F7-4668-BE54-9A1E7A4F7556}") = "SuperMarket.Domain.Identity", "Domain\Identity\SuperMarket.Domain.Identity.csproj", "{18123FF0-B866-4250-9D2E-5184CA54BFE7}"
EndProject
Project("{2150E333-8FDC-42A3-9474-1A3956D46DE8}") = "Application", "Application", "{93534880-D1F0-4C6D-82CA-BD6B47B6AAA9}"
EndProject
Project("{2150E333-8FDC-42A3-9474-1A3956D46DE8}") = "Domain", "Domain", "{42BEE85A-3BF9-402D-818F-99EA785C2677}"
EndProject
Project("{2150E333-8FDC-42A3-9474-1A3956D46DE8}") = "Infrastructure", "Infrastructure", "{AEE47F9A-BF98-4FA3-92AC-AD64B6D62F63}"
EndProject
Project("{2150E333-8FDC-42A3-9474-1A3956D46DE8}") = "CrossCutting", "CrossCutting", "{15C67E3C-36A5-43E5-8801-74A855A9AADE}"
EndProject
Project("{2150E333-8FDC-42A3-9474-1A3956D46DE8}") = "Presentation", "Presentation", "{E7610DD4-62EE-4143-9B3C-196D179F1658}"
EndProject
Project("{9A19103F-16F7-4668-BE54-9A1E7A4F7556}") = "SuperMarket.Infrastructure", "Infrastructure\Framework\SuperMarket.Infrastructure.csproj", "{0EEB8EF4-388B-488F-A494-F45F3D931A14}"
EndProject
Project("{9A19103F-16F7-4668-BE54-9A1E7A4F7556}") = "SuperMarket.Infrastructure.EfCoreTrail", "Infrastructure\Extensions\EfCoreTrail\SuperMarket.Infrastructure.EfCoreTrail.csproj", "{0DF20755-D0EF-4A50-BC98-B3F0E966AC21}"
EndProject
Project("{9A19103F-16F7-4668-BE54-9A1E7A4F7556}") = "SuperMarket.Infrastructure.Logging", "Infrastructure\Extensions\Logging\SuperMarket.Infrastructure.Logging.csproj", "{6E404665-CE36-4E3C-9B04-79D68C84A009}"
EndProject
Project("{9A19103F-16F7-4668-BE54-9A1E7A4F7556}") = "SuperMarket.Application", "Application\App\SuperMarket.Application.csproj", "{1AA93E46-B698-4BCF-8621-58F059A43ECD}"
EndProject
Project("{9A19103F-16F7-4668-BE54-9A1E7A4F7556}") = "SuperMarket.Application.Identity", "Application\Identity\SuperMarket.Application.Identity.csproj", "{D53E25B8-28CB-46BD-9A8E-68C295275002}"
EndProject
Project("{9A19103F-16F7-4668-BE54-9A1E7A4F7556}") = "SuperMarket.Infrastructure.Caching", "Infrastructure\Extensions\Caching\SuperMarket.Infrastructure.Caching.csproj", "{2DFE72E0-61F4-4D0D-AD6D-1831724EED9F}"
EndProject
Global
	GlobalSection(SolutionConfigurationPlatforms) = preSolution
		Debug|Any CPU = Debug|Any CPU
		Release|Any CPU = Release|Any CPU
	EndGlobalSection
	GlobalSection(ProjectConfigurationPlatforms) = postSolution
		{52E323A7-8642-4895-B8AA-816FD8613451}.Debug|Any CPU.ActiveCfg = Debug|Any CPU
		{52E323A7-8642-4895-B8AA-816FD8613451}.Debug|Any CPU.Build.0 = Debug|Any CPU
		{52E323A7-8642-4895-B8AA-816FD8613451}.Release|Any CPU.ActiveCfg = Release|Any CPU
		{52E323A7-8642-4895-B8AA-816FD8613451}.Release|Any CPU.Build.0 = Release|Any CPU
		{C6A87AE2-7670-4884-88EB-762CF8614878}.Debug|Any CPU.ActiveCfg = Debug|Any CPU
		{C6A87AE2-7670-4884-88EB-762CF8614878}.Debug|Any CPU.Build.0 = Debug|Any CPU
		{C6A87AE2-7670-4884-88EB-762CF8614878}.Release|Any CPU.ActiveCfg = Release|Any CPU
		{C6A87AE2-7670-4884-88EB-762CF8614878}.Release|Any CPU.Build.0 = Release|Any CPU
		{C66FB21B-BD64-44CE-B666-9675300833E4}.Debug|Any CPU.ActiveCfg = Debug|Any CPU
		{C66FB21B-BD64-44CE-B666-9675300833E4}.Debug|Any CPU.Build.0 = Debug|Any CPU
		{C66FB21B-BD64-44CE-B666-9675300833E4}.Release|Any CPU.ActiveCfg = Release|Any CPU
		{C66FB21B-BD64-44CE-B666-9675300833E4}.Release|Any CPU.Build.0 = Release|Any CPU
		{099DF7AF-40EA-4AAF-9A68-5C7288BE4C29}.Debug|Any CPU.ActiveCfg = Debug|Any CPU
		{099DF7AF-40EA-4AAF-9A68-5C7288BE4C29}.Debug|Any CPU.Build.0 = Debug|Any CPU
		{099DF7AF-40EA-4AAF-9A68-5C7288BE4C29}.Release|Any CPU.ActiveCfg = Release|Any CPU
		{099DF7AF-40EA-4AAF-9A68-5C7288BE4C29}.Release|Any CPU.Build.0 = Release|Any CPU
		{6710972B-91CC-4356-B6FC-713D2F8D6AE6}.Debug|Any CPU.ActiveCfg = Debug|Any CPU
		{6710972B-91CC-4356-B6FC-713D2F8D6AE6}.Debug|Any CPU.Build.0 = Debug|Any CPU
		{6710972B-91CC-4356-B6FC-713D2F8D6AE6}.Release|Any CPU.ActiveCfg = Release|Any CPU
		{6710972B-91CC-4356-B6FC-713D2F8D6AE6}.Release|Any CPU.Build.0 = Release|Any CPU
		{5923E14A-5CF8-4562-BE88-96E2E16A5397}.Debug|Any CPU.ActiveCfg = Debug|Any CPU
		{5923E14A-5CF8-4562-BE88-96E2E16A5397}.Debug|Any CPU.Build.0 = Debug|Any CPU
		{5923E14A-5CF8-4562-BE88-96E2E16A5397}.Release|Any CPU.ActiveCfg = Release|Any CPU
		{5923E14A-5CF8-4562-BE88-96E2E16A5397}.Release|Any CPU.Build.0 = Release|Any CPU
		{18123FF0-B866-4250-9D2E-5184CA54BFE7}.Debug|Any CPU.ActiveCfg = Debug|Any CPU
		{18123FF0-B866-4250-9D2E-5184CA54BFE7}.Debug|Any CPU.Build.0 = Debug|Any CPU
		{18123FF0-B866-4250-9D2E-5184CA54BFE7}.Release|Any CPU.ActiveCfg = Release|Any CPU
		{18123FF0-B866-4250-9D2E-5184CA54BFE7}.Release|Any CPU.Build.0 = Release|Any CPU
		{0EEB8EF4-388B-488F-A494-F45F3D931A14}.Debug|Any CPU.ActiveCfg = Debug|Any CPU
		{0EEB8EF4-388B-488F-A494-F45F3D931A14}.Debug|Any CPU.Build.0 = Debug|Any CPU
		{0EEB8EF4-388B-488F-A494-F45F3D931A14}.Release|Any CPU.ActiveCfg = Release|Any CPU
		{0EEB8EF4-388B-488F-A494-F45F3D931A14}.Release|Any CPU.Build.0 = Release|Any CPU
		{0DF20755-D0EF-4A50-BC98-B3F0E966AC21}.Debug|Any CPU.ActiveCfg = Debug|Any CPU
		{0DF20755-D0EF-4A50-BC98-B3F0E966AC21}.Debug|Any CPU.Build.0 = Debug|Any CPU
		{0DF20755-D0EF-4A50-BC98-B3F0E966AC21}.Release|Any CPU.ActiveCfg = Release|Any CPU
		{0DF20755-D0EF-4A50-BC98-B3F0E966AC21}.Release|Any CPU.Build.0 = Release|Any CPU
		{6E404665-CE36-4E3C-9B04-79D68C84A009}.Debug|Any CPU.ActiveCfg = Debug|Any CPU
		{6E404665-CE36-4E3C-9B04-79D68C84A009}.Debug|Any CPU.Build.0 = Debug|Any CPU
		{6E404665-CE36-4E3C-9B04-79D68C84A009}.Release|Any CPU.ActiveCfg = Release|Any CPU
		{6E404665-CE36-4E3C-9B04-79D68C84A009}.Release|Any CPU.Build.0 = Release|Any CPU
		{1AA93E46-B698-4BCF-8621-58F059A43ECD}.Debug|Any CPU.ActiveCfg = Debug|Any CPU
		{1AA93E46-B698-4BCF-8621-58F059A43ECD}.Debug|Any CPU.Build.0 = Debug|Any CPU
		{1AA93E46-B698-4BCF-8621-58F059A43ECD}.Release|Any CPU.ActiveCfg = Release|Any CPU
		{1AA93E46-B698-4BCF-8621-58F059A43ECD}.Release|Any CPU.Build.0 = Release|Any CPU
		{D53E25B8-28CB-46BD-9A8E-68C295275002}.Debug|Any CPU.ActiveCfg = Debug|Any CPU
		{D53E25B8-28CB-46BD-9A8E-68C295275002}.Debug|Any CPU.Build.0 = Debug|Any CPU
		{D53E25B8-28CB-46BD-9A8E-68C295275002}.Release|Any CPU.ActiveCfg = Release|Any CPU
		{D53E25B8-28CB-46BD-9A8E-68C295275002}.Release|Any CPU.Build.0 = Release|Any CPU
		{2DFE72E0-61F4-4D0D-AD6D-1831724EED9F}.Debug|Any CPU.ActiveCfg = Debug|Any CPU
		{2DFE72E0-61F4-4D0D-AD6D-1831724EED9F}.Debug|Any CPU.Build.0 = Debug|Any CPU
		{2DFE72E0-61F4-4D0D-AD6D-1831724EED9F}.Release|Any CPU.ActiveCfg = Release|Any CPU
		{2DFE72E0-61F4-4D0D-AD6D-1831724EED9F}.Release|Any CPU.Build.0 = Release|Any CPU
	EndGlobalSection
	GlobalSection(SolutionProperties) = preSolution
		HideSolutionNode = FALSE
	EndGlobalSection
	GlobalSection(NestedProjects) = preSolution
		{52E323A7-8642-4895-B8AA-816FD8613451} = {6967E3C5-FEE5-4BEB-9274-AFD21B54D490}
		{0FA3EDBC-C25F-4F6B-8089-6B6177B88C86} = {6967E3C5-FEE5-4BEB-9274-AFD21B54D490}
		{C6A87AE2-7670-4884-88EB-762CF8614878} = {E7610DD4-62EE-4143-9B3C-196D179F1658}
		{C66FB21B-BD64-44CE-B666-9675300833E4} = {E7610DD4-62EE-4143-9B3C-196D179F1658}
		{099DF7AF-40EA-4AAF-9A68-5C7288BE4C29} = {AEE47F9A-BF98-4FA3-92AC-AD64B6D62F63}
		{6710972B-91CC-4356-B6FC-713D2F8D6AE6} = {AEE47F9A-BF98-4FA3-92AC-AD64B6D62F63}
		{5923E14A-5CF8-4562-BE88-96E2E16A5397} = {42BEE85A-3BF9-402D-818F-99EA785C2677}
		{18123FF0-B866-4250-9D2E-5184CA54BFE7} = {42BEE85A-3BF9-402D-818F-99EA785C2677}
		{93534880-D1F0-4C6D-82CA-BD6B47B6AAA9} = {0FA3EDBC-C25F-4F6B-8089-6B6177B88C86}
		{42BEE85A-3BF9-402D-818F-99EA785C2677} = {0FA3EDBC-C25F-4F6B-8089-6B6177B88C86}
		{AEE47F9A-BF98-4FA3-92AC-AD64B6D62F63} = {0FA3EDBC-C25F-4F6B-8089-6B6177B88C86}
		{15C67E3C-36A5-43E5-8801-74A855A9AADE} = {AEE47F9A-BF98-4FA3-92AC-AD64B6D62F63}
		{E7610DD4-62EE-4143-9B3C-196D179F1658} = {0FA3EDBC-C25F-4F6B-8089-6B6177B88C86}
		{0EEB8EF4-388B-488F-A494-F45F3D931A14} = {AEE47F9A-BF98-4FA3-92AC-AD64B6D62F63}
		{0DF20755-D0EF-4A50-BC98-B3F0E966AC21} = {15C67E3C-36A5-43E5-8801-74A855A9AADE}
		{6E404665-CE36-4E3C-9B04-79D68C84A009} = {15C67E3C-36A5-43E5-8801-74A855A9AADE}
		{1AA93E46-B698-4BCF-8621-58F059A43ECD} = {93534880-D1F0-4C6D-82CA-BD6B47B6AAA9}
		{D53E25B8-28CB-46BD-9A8E-68C295275002} = {93534880-D1F0-4C6D-82CA-BD6B47B6AAA9}
		{2DFE72E0-61F4-4D0D-AD6D-1831724EED9F} = {15C67E3C-36A5-43E5-8801-74A855A9AADE}
	EndGlobalSection
	GlobalSection(ExtensibilityGlobals) = postSolution
		SolutionGuid = {7813E103-BCFA-44D8-8AB3-D7A3E93E1B7A}
	EndGlobalSection
EndGlobal
